<?xml version="1.0" encoding="utf-8"?>
<Project ToolsVersion="4.0" xmlns="http://schemas.microsoft.com/developer/msbuild/2003">
  <ItemGroup>
    <Filter Include="win32">
      <UniqueIdentifier>{84a8ebd7-7cf0-47f6-b75e-d441df67da40}</UniqueIdentifier>
    </Filter>
    <Filter Include="resource">
      <UniqueIdentifier>{715254bc-d70b-4ec5-bf29-467dd3ace079}</UniqueIdentifier>
    </Filter>
    <Filter Include="src">
      <UniqueIdentifier>{bb6c862e-70e9-49d9-81b7-3829a6f50471}</UniqueIdentifier>
    </Filter>
    <Filter Include="src\CellDownload">
      <UniqueIdentifier>{ad2ffad6-9d59-4c9c-bf99-d7cf98965169}</UniqueIdentifier>
    </Filter>
    <Filter Include="src\CellDownload\Cell">
      <UniqueIdentifier>{3349a220-daf7-4baf-a99b-c948e5bb8a33}</UniqueIdentifier>
    </Filter>
    <Filter Include="src\CellDownload\Cell\Cell">
      <UniqueIdentifier>{f873d9f2-3254-4873-924b-fb73baae906d}</UniqueIdentifier>
    </Filter>
    <Filter Include="src\CellDownload\Cell\CellWorker">
      <UniqueIdentifier>{3dae7c11-a17e-426b-bfd6-ff3f062f992a}</UniqueIdentifier>
    </Filter>
    <Filter Include="src\CellDownload\Cell\Handler">
      <UniqueIdentifier>{417b6214-7997-4a60-97b3-12d34c38a14c}</UniqueIdentifier>
    </Filter>
    <Filter Include="src\CellDownload\Download">
      <UniqueIdentifier>{946538ec-902e-46f5-a600-46c354851921}</UniqueIdentifier>
    </Filter>
    <Filter Include="src\CellDownload\MD5">
      <UniqueIdentifier>{80c7f74b-fc48-42f2-8d9b-9cc9fea12a66}</UniqueIdentifier>
    </Filter>
    <Filter Include="src\CellDownload\MD5\MD5">
      <UniqueIdentifier>{8016d0de-ddcf-436c-a487-a85db91dac5b}</UniqueIdentifier>
    </Filter>
    <Filter Include="src\CellDownload\Utils">
      <UniqueIdentifier>{5d6e1909-5f54-4fac-90ec-1ec9715332f4}</UniqueIdentifier>
    </Filter>
  </ItemGroup>
  <ItemGroup>
    <ClCompile Include="main.cpp">
      <Filter>win32</Filter>
    </ClCompile>
    <ClCompile Include="..\Classes\AppDelegate.cpp">
      <Filter>src</Filter>
    </ClCompile>
    <ClCompile Include="..\Classes\HelloWorldScene.cpp">
      <Filter>src</Filter>
    </ClCompile>
    <ClCompile Include="..\Classes\CellDownload\CellDownloadManager.cpp">
      <Filter>src\CellDownload</Filter>
    </ClCompile>
    <ClCompile Include="..\Classes\CellDownload\Cell\Cell\Cell.cpp">
      <Filter>src\CellDownload\Cell\Cell</Filter>
    </ClCompile>
    <ClCompile Include="..\Classes\CellDownload\Cell\Cell\CellParser.cpp">
      <Filter>src\CellDownload\Cell\Cell</Filter>
    </ClCompile>
    <ClCompile Include="..\Classes\CellDownload\Cell\CellWorker\CellCheckWorker.cpp">
      <Filter>src\CellDownload\Cell\CellWorker</Filter>
    </ClCompile>
    <ClCompile Include="..\Classes\CellDownload\Cell\CellWorker\CellDownloadWorker.cpp">
      <Filter>src\CellDownload\Cell\CellWorker</Filter>
    </ClCompile>
    <ClCompile Include="..\Classes\CellDownload\Cell\CellWorker\CellWorker.cpp">
      <Filter>src\CellDownload\Cell\CellWorker</Filter>
    </ClCompile>
    <ClCompile Include="..\Classes\CellDownload\Cell\CellWorker\CellWorkerFactory.cpp">
      <Filter>src\CellDownload\Cell\CellWorker</Filter>
    </ClCompile>
    <ClCompile Include="..\Classes\CellDownload\Cell\Handler\CellHandler.cpp">
      <Filter>src\CellDownload\Cell\Handler</Filter>
    </ClCompile>
    <ClCompile Include="..\Classes\CellDownload\Cell\CellWorkCenter.cpp">
      <Filter>src\CellDownload\Cell</Filter>
    </ClCompile>
    <ClCompile Include="..\Classes\CellDownload\Download\Downloader.cpp">
      <Filter>src\CellDownload\Download</Filter>
    </ClCompile>
    <ClCompile Include="..\Classes\CellDownload\Download\DownloadWatcher.cpp">
      <Filter>src\CellDownload\Download</Filter>
    </ClCompile>
    <ClCompile Include="..\Classes\CellDownload\MD5\MD5\md5.c">
      <Filter>src\CellDownload\MD5\MD5</Filter>
    </ClCompile>
    <ClCompile Include="..\Classes\CellDownload\MD5\QuickMD5.cpp">
      <Filter>src\CellDownload\MD5</Filter>
    </ClCompile>
    <ClCompile Include="..\Classes\CellDownload\Utils\DirUtil.cpp">
      <Filter>src\CellDownload\Utils</Filter>
    </ClCompile>
  </ItemGroup>
  <ItemGroup>
    <ClInclude Include="main.h">
      <Filter>win32</Filter>
    </ClInclude>
    <ClInclude Include="..\Classes\AppDelegate.h">
      <Filter>src</Filter>
    </ClInclude>
    <ClInclude Include="..\Classes\HelloWorldScene.h">
      <Filter>src</Filter>
    </ClInclude>
    <ClInclude Include="..\Classes\CellDownload\CellDownloadManager.h">
      <Filter>src\CellDownload</Filter>
    </ClInclude>
    <ClInclude Include="..\Classes\CellDownload\Cell\Cell\Cell.h">
      <Filter>src\CellDownload\Cell\Cell</Filter>
    </ClInclude>
    <ClInclude Include="..\Classes\CellDownload\Cell\Cell\CellContainer.h">
      <Filter>src\CellDownload\Cell\Cell</Filter>
    </ClInclude>
    <ClInclude Include="..\Classes\CellDownload\Cell\Cell\CellParser.h">
      <Filter>src\CellDownload\Cell\Cell</Filter>
    </ClInclude>
    <ClInclude Include="..\Classes\CellDownload\Cell\CellWorker\CellCheckWorker.h">
      <Filter>src\CellDownload\Cell\CellWorker</Filter>
    </ClInclude>
    <ClInclude Include="..\Classes\CellDownload\Cell\CellWorker\CellDownloadWorker.h">
      <Filter>src\CellDownload\Cell\CellWorker</Filter>
    </ClInclude>
    <ClInclude Include="..\Classes\CellDownload\Cell\CellWorker\CellWorker.h">
      <Filter>src\CellDownload\Cell\CellWorker</Filter>
    </ClInclude>
    <ClInclude Include="..\Classes\CellDownload\Cell\CellWorker\CellWorkerFactory.h">
      <Filter>src\CellDownload\Cell\CellWorker</Filter>
    </ClInclude>
    <ClInclude Include="..\Classes\CellDownload\Cell\Handler\CellHandler.h">
      <Filter>src\CellDownload\Cell\Handler</Filter>
    </ClInclude>
    <ClInclude Include="..\Classes\CellDownload\Cell\CellWorkCenter.h">
      <Filter>src\CellDownload\Cell</Filter>
    </ClInclude>
    <ClInclude Include="..\Classes\CellDownload\Cell\CellWorkState.h">
      <Filter>src\CellDownload\Cell</Filter>
    </ClInclude>
    <ClInclude Include="..\Classes\CellDownload\Download\DownloadConig.h">
      <Filter>src\CellDownload\Download</Filter>
    </ClInclude>
    <ClInclude Include="..\Classes\CellDownload\Download\Downloader.h">
      <Filter>src\CellDownload\Download</Filter>
    </ClInclude>
    <ClInclude Include="..\Classes\CellDownload\Download\DownloadWatcher.h">
      <Filter>src\CellDownload\Download</Filter>
    </ClInclude>
    <ClInclude Include="..\Classes\CellDownload\MD5\MD5\md5.h">
      <Filter>src\CellDownload\MD5\MD5</Filter>
    </ClInclude>
    <ClInclude Include="..\Classes\CellDownload\MD5\QuickMD5.h">
      <Filter>src\CellDownload\MD5</Filter>
    </ClInclude>
    <ClInclude Include="..\Classes\CellDownload\Utils\CellMacro.h">
      <Filter>src\CellDownload\Utils</Filter>
    </ClInclude>
    <ClInclude Include="..\Classes\CellDownload\Utils\CellPlatform.h">
      <Filter>src\CellDownload\Utils</Filter>
    </ClInclude>
    <ClInclude Include="..\Classes\CellDownload\Utils\DirUtil.h">
      <Filter>src\CellDownload\Utils</Filter>
    </ClInclude>
  </ItemGroup>
  <ItemGroup>
    <ResourceCompile Include="game.rc">
      <Filter>resource</Filter>
    </ResourceCompile>
  </ItemGroup>
</Project>